
Microsoft Visual Studio Solution File, Format Version 12.00
# Visual Studio Version 16
VisualStudioVersion = 16.0.31702.278
MinimumVisualStudioVersion = 10.0.40219.1
Project("{8BC9CEB8-8B4A-11D0-8D11-00A0C91BC942}") = "VirtualPet", "VirtualPet\VirtualPet.vcxproj", "{34C94112-1023-43D9-BC9E-9FF780F3EEFC}"
EndProject
Global
	GlobalSection(SolutionConfigurationPlatforms) = preSolution
		Debug|x64 = Debug|x64
		Debug|x86 = Debug|x86
		Release|x64 = Release|x64
		Release|x86 = Release|x86
	EndGlobalSection
	GlobalSection(ProjectConfigurationPlatforms) = postSolution
		{34C94112-1023-43D9-BC9E-9FF780F3EEFC}.Debug|x64.ActiveCfg = Debug|x64
		{34C94112-1023-43D9-BC9E-9FF780F3EEFC}.Debug|x64.Build.0 = Debug|x64
		{34C94112-1023-43D9-BC9E-9FF780F3EEFC}.Debug|x86.ActiveCfg = Debug|Win32
		{34C94112-1023-43D9-BC9E-9FF780F3EEFC}.Debug|x86.Build.0 = Debug|Win32
		{34C94112-1023-43D9-BC9E-9FF780F3EEFC}.Release|x64.ActiveCfg = Release|x64
		{34C94112-1023-43D9-BC9E-9FF780F3EEFC}.Release|x64.Build.0 = Release|x64
		{34C94112-1023-43D9-BC9E-9FF780F3EEFC}.Release|x86.ActiveCfg = Release|Win32
		{34C94112-1023-43D9-BC9E-9FF780F3EEFC}.Release|x86.Build.0 = Release|Win32
	EndGlobalSection
	GlobalSection(SolutionProperties) = preSolution
		HideSolutionNode = FALSE
	EndGlobalSection
	GlobalSection(ExtensibilityGlobals) = postSolution
		SolutionGuid = {DD040D9E-16D0-4FCF-91A6-561FC8CDCDA8}
	EndGlobalSection
EndGlobal
